
Microsoft Visual Studio Solution File, Format Version 12.00
# Visual Studio 2015
Project("{FAE04EC0-301F-11D3-BF4B-00C04F79EFBC}") = "TeddyUnityWork_Map.Plugins", "TeddyUnityWork_Map.Plugins.csproj", "{56E384AF-4FAE-13EA-ABF4-A68C3DAE141B}"
EndProject
Project("{FAE04EC0-301F-11D3-BF4B-00C04F79EFBC}") = "TeddyUnityWork_Map", "TeddyUnityWork_Map.csproj", "{3F1CC097-4716-3A4D-2AF9-BB2E43A94BC0}"
EndProject
Project("{FAE04EC0-301F-11D3-BF4B-00C04F79EFBC}") = "TeddyUnityWork_Map.Editor.Plugins", "TeddyUnityWork_Map.Editor.Plugins.csproj", "{674803A8-C82C-1E0A-C55D-233568E059BF}"
EndProject
Global
	GlobalSection(SolutionConfigurationPlatforms) = preSolution
		Debug|Any CPU = Debug|Any CPU
		Release|Any CPU = Release|Any CPU
	EndGlobalSection
	GlobalSection(ProjectConfigurationPlatforms) = postSolution
		{56E384AF-4FAE-13EA-ABF4-A68C3DAE141B}.Debug|Any CPU.ActiveCfg = Debug|Any CPU
		{56E384AF-4FAE-13EA-ABF4-A68C3DAE141B}.Debug|Any CPU.Build.0 = Debug|Any CPU
		{56E384AF-4FAE-13EA-ABF4-A68C3DAE141B}.Release|Any CPU.ActiveCfg = Release|Any CPU
		{56E384AF-4FAE-13EA-ABF4-A68C3DAE141B}.Release|Any CPU.Build.0 = Release|Any CPU
		{3F1CC097-4716-3A4D-2AF9-BB2E43A94BC0}.Debug|Any CPU.ActiveCfg = Debug|Any CPU
		{3F1CC097-4716-3A4D-2AF9-BB2E43A94BC0}.Debug|Any CPU.Build.0 = Debug|Any CPU
		{3F1CC097-4716-3A4D-2AF9-BB2E43A94BC0}.Release|Any CPU.ActiveCfg = Release|Any CPU
		{3F1CC097-4716-3A4D-2AF9-BB2E43A94BC0}.Release|Any CPU.Build.0 = Release|Any CPU
		{674803A8-C82C-1E0A-C55D-233568E059BF}.Debug|Any CPU.ActiveCfg = Debug|Any CPU
		{674803A8-C82C-1E0A-C55D-233568E059BF}.Debug|Any CPU.Build.0 = Debug|Any CPU
		{674803A8-C82C-1E0A-C55D-233568E059BF}.Release|Any CPU.ActiveCfg = Release|Any CPU
		{674803A8-C82C-1E0A-C55D-233568E059BF}.Release|Any CPU.Build.0 = Release|Any CPU
	EndGlobalSection
	GlobalSection(SolutionProperties) = preSolution
		HideSolutionNode = FALSE
	EndGlobalSection
EndGlobal
