
Microsoft Visual Studio Solution File, Format Version 12.00
# Visual Studio 15
VisualStudioVersion = 15.0.26430.14
MinimumVisualStudioVersion = 10.0.40219.1
Project("{9A19103F-16F7-4668-BE54-9A1E7A4F7556}") = "TeddyNetCore_EngineFrame", "TeddyNetCore_EngineFrame\TeddyNetCore_EngineFrame.csproj", "{E7FB9C63-7BBF-46F5-B0C0-93C13E6DFFB0}"
	ProjectSection(ProjectDependencies) = postProject
		{E2EE7A1B-B517-466B-A978-898CE82242CD} = {E2EE7A1B-B517-466B-A978-898CE82242CD}
	EndProjectSection
EndProject
Project("{9A19103F-16F7-4668-BE54-9A1E7A4F7556}") = "TeddyNetCore_Engine", "..\..\Teddy_Work_Engine\TeddyNetCoreProject\TeddyNetCore_Engine\TeddyNetCore_Engine.csproj", "{0D8EDDA5-9CF8-43BC-A815-151812075A6F}"
EndProject
Project("{9A19103F-16F7-4668-BE54-9A1E7A4F7556}") = "TeddyNetCore_EngineData", "..\..\Teddy_Work_Engine\TeddyNetCoreProject\TeddyNetCore_EngineData\TeddyNetCore_EngineData.csproj", "{FC5FFD01-6DF2-4B7E-9F6B-DFC03F0A1E8F}"
EndProject
Project("{9A19103F-16F7-4668-BE54-9A1E7A4F7556}") = "TeddyNetCore_EngineEnum", "..\..\Teddy_Work_Engine\TeddyNetCoreProject\TeddyNetCore_EngineEnum\TeddyNetCore_EngineEnum.csproj", "{33A251A7-0227-4D70-9237-EA8DE6E59A65}"
EndProject
Project("{9A19103F-16F7-4668-BE54-9A1E7A4F7556}") = "TeddyNetCore_ServerManager", "TeddyNetCore_ServerManager\TeddyNetCore_ServerManager.csproj", "{E2EE7A1B-B517-466B-A978-898CE82242CD}"
EndProject
Project("{FAE04EC0-301F-11D3-BF4B-00C04F79EFBC}") = "TeddyNetCore_ServerManager_Web", "TeddyNetCore_ServerManager_Web\TeddyNetCore_ServerManager_Web.csproj", "{4493DD9D-BCC3-4DD1-92F5-E4963C06528E}"
EndProject
Global
	GlobalSection(SolutionConfigurationPlatforms) = preSolution
		Debug|Any CPU = Debug|Any CPU
		Debug|ARM = Debug|ARM
		Debug|x64 = Debug|x64
		Debug|x86 = Debug|x86
		Release|Any CPU = Release|Any CPU
		Release|ARM = Release|ARM
		Release|x64 = Release|x64
		Release|x86 = Release|x86
		ReleaseNET40_Only|Any CPU = ReleaseNET40_Only|Any CPU
		ReleaseNET40_Only|ARM = ReleaseNET40_Only|ARM
		ReleaseNET40_Only|x64 = ReleaseNET40_Only|x64
		ReleaseNET40_Only|x86 = ReleaseNET40_Only|x86
	EndGlobalSection
	GlobalSection(ProjectConfigurationPlatforms) = postSolution
		{E7FB9C63-7BBF-46F5-B0C0-93C13E6DFFB0}.Debug|Any CPU.ActiveCfg = Debug|Any CPU
		{E7FB9C63-7BBF-46F5-B0C0-93C13E6DFFB0}.Debug|Any CPU.Build.0 = Debug|Any CPU
		{E7FB9C63-7BBF-46F5-B0C0-93C13E6DFFB0}.Debug|ARM.ActiveCfg = Debug|Any CPU
		{E7FB9C63-7BBF-46F5-B0C0-93C13E6DFFB0}.Debug|ARM.Build.0 = Debug|Any CPU
		{E7FB9C63-7BBF-46F5-B0C0-93C13E6DFFB0}.Debug|x64.ActiveCfg = Debug|Any CPU
		{E7FB9C63-7BBF-46F5-B0C0-93C13E6DFFB0}.Debug|x64.Build.0 = Debug|Any CPU
		{E7FB9C63-7BBF-46F5-B0C0-93C13E6DFFB0}.Debug|x86.ActiveCfg = Debug|Any CPU
		{E7FB9C63-7BBF-46F5-B0C0-93C13E6DFFB0}.Debug|x86.Build.0 = Debug|Any CPU
		{E7FB9C63-7BBF-46F5-B0C0-93C13E6DFFB0}.Release|Any CPU.ActiveCfg = Release|Any CPU
		{E7FB9C63-7BBF-46F5-B0C0-93C13E6DFFB0}.Release|Any CPU.Build.0 = Release|Any CPU
		{E7FB9C63-7BBF-46F5-B0C0-93C13E6DFFB0}.Release|ARM.ActiveCfg = Release|Any CPU
		{E7FB9C63-7BBF-46F5-B0C0-93C13E6DFFB0}.Release|ARM.Build.0 = Release|Any CPU
		{E7FB9C63-7BBF-46F5-B0C0-93C13E6DFFB0}.Release|x64.ActiveCfg = Release|Any CPU
		{E7FB9C63-7BBF-46F5-B0C0-93C13E6DFFB0}.Release|x64.Build.0 = Release|Any CPU
		{E7FB9C63-7BBF-46F5-B0C0-93C13E6DFFB0}.Release|x86.ActiveCfg = Release|Any CPU
		{E7FB9C63-7BBF-46F5-B0C0-93C13E6DFFB0}.Release|x86.Build.0 = Release|Any CPU
		{E7FB9C63-7BBF-46F5-B0C0-93C13E6DFFB0}.ReleaseNET40_Only|Any CPU.ActiveCfg = Release|Any CPU
		{E7FB9C63-7BBF-46F5-B0C0-93C13E6DFFB0}.ReleaseNET40_Only|Any CPU.Build.0 = Release|Any CPU
		{E7FB9C63-7BBF-46F5-B0C0-93C13E6DFFB0}.ReleaseNET40_Only|ARM.ActiveCfg = Release|Any CPU
		{E7FB9C63-7BBF-46F5-B0C0-93C13E6DFFB0}.ReleaseNET40_Only|ARM.Build.0 = Release|Any CPU
		{E7FB9C63-7BBF-46F5-B0C0-93C13E6DFFB0}.ReleaseNET40_Only|x64.ActiveCfg = Release|Any CPU
		{E7FB9C63-7BBF-46F5-B0C0-93C13E6DFFB0}.ReleaseNET40_Only|x64.Build.0 = Release|Any CPU
		{E7FB9C63-7BBF-46F5-B0C0-93C13E6DFFB0}.ReleaseNET40_Only|x86.ActiveCfg = Release|Any CPU
		{E7FB9C63-7BBF-46F5-B0C0-93C13E6DFFB0}.ReleaseNET40_Only|x86.Build.0 = Release|Any CPU
		{0D8EDDA5-9CF8-43BC-A815-151812075A6F}.Debug|Any CPU.ActiveCfg = Debug|Any CPU
		{0D8EDDA5-9CF8-43BC-A815-151812075A6F}.Debug|Any CPU.Build.0 = Debug|Any CPU
		{0D8EDDA5-9CF8-43BC-A815-151812075A6F}.Debug|ARM.ActiveCfg = Debug|Any CPU
		{0D8EDDA5-9CF8-43BC-A815-151812075A6F}.Debug|ARM.Build.0 = Debug|Any CPU
		{0D8EDDA5-9CF8-43BC-A815-151812075A6F}.Debug|x64.ActiveCfg = Debug|Any CPU
		{0D8EDDA5-9CF8-43BC-A815-151812075A6F}.Debug|x64.Build.0 = Debug|Any CPU
		{0D8EDDA5-9CF8-43BC-A815-151812075A6F}.Debug|x86.ActiveCfg = Debug|Any CPU
		{0D8EDDA5-9CF8-43BC-A815-151812075A6F}.Debug|x86.Build.0 = Debug|Any CPU
		{0D8EDDA5-9CF8-43BC-A815-151812075A6F}.Release|Any CPU.ActiveCfg = Release|Any CPU
		{0D8EDDA5-9CF8-43BC-A815-151812075A6F}.Release|Any CPU.Build.0 = Release|Any CPU
		{0D8EDDA5-9CF8-43BC-A815-151812075A6F}.Release|ARM.ActiveCfg = Release|Any CPU
		{0D8EDDA5-9CF8-43BC-A815-151812075A6F}.Release|ARM.Build.0 = Release|Any CPU
		{0D8EDDA5-9CF8-43BC-A815-151812075A6F}.Release|x64.ActiveCfg = Release|Any CPU
		{0D8EDDA5-9CF8-43BC-A815-151812075A6F}.Release|x64.Build.0 = Release|Any CPU
		{0D8EDDA5-9CF8-43BC-A815-151812075A6F}.Release|x86.ActiveCfg = Release|Any CPU
		{0D8EDDA5-9CF8-43BC-A815-151812075A6F}.Release|x86.Build.0 = Release|Any CPU
		{0D8EDDA5-9CF8-43BC-A815-151812075A6F}.ReleaseNET40_Only|Any CPU.ActiveCfg = Release|Any CPU
		{0D8EDDA5-9CF8-43BC-A815-151812075A6F}.ReleaseNET40_Only|Any CPU.Build.0 = Release|Any CPU
		{0D8EDDA5-9CF8-43BC-A815-151812075A6F}.ReleaseNET40_Only|ARM.ActiveCfg = Release|Any CPU
		{0D8EDDA5-9CF8-43BC-A815-151812075A6F}.ReleaseNET40_Only|ARM.Build.0 = Release|Any CPU
		{0D8EDDA5-9CF8-43BC-A815-151812075A6F}.ReleaseNET40_Only|x64.ActiveCfg = Release|Any CPU
		{0D8EDDA5-9CF8-43BC-A815-151812075A6F}.ReleaseNET40_Only|x64.Build.0 = Release|Any CPU
		{0D8EDDA5-9CF8-43BC-A815-151812075A6F}.ReleaseNET40_Only|x86.ActiveCfg = Release|Any CPU
		{0D8EDDA5-9CF8-43BC-A815-151812075A6F}.ReleaseNET40_Only|x86.Build.0 = Release|Any CPU
		{FC5FFD01-6DF2-4B7E-9F6B-DFC03F0A1E8F}.Debug|Any CPU.ActiveCfg = Debug|Any CPU
		{FC5FFD01-6DF2-4B7E-9F6B-DFC03F0A1E8F}.Debug|Any CPU.Build.0 = Debug|Any CPU
		{FC5FFD01-6DF2-4B7E-9F6B-DFC03F0A1E8F}.Debug|ARM.ActiveCfg = Debug|Any CPU
		{FC5FFD01-6DF2-4B7E-9F6B-DFC03F0A1E8F}.Debug|ARM.Build.0 = Debug|Any CPU
		{FC5FFD01-6DF2-4B7E-9F6B-DFC03F0A1E8F}.Debug|x64.ActiveCfg = Debug|Any CPU
		{FC5FFD01-6DF2-4B7E-9F6B-DFC03F0A1E8F}.Debug|x64.Build.0 = Debug|Any CPU
		{FC5FFD01-6DF2-4B7E-9F6B-DFC03F0A1E8F}.Debug|x86.ActiveCfg = Debug|Any CPU
		{FC5FFD01-6DF2-4B7E-9F6B-DFC03F0A1E8F}.Debug|x86.Build.0 = Debug|Any CPU
		{FC5FFD01-6DF2-4B7E-9F6B-DFC03F0A1E8F}.Release|Any CPU.ActiveCfg = Release|Any CPU
		{FC5FFD01-6DF2-4B7E-9F6B-DFC03F0A1E8F}.Release|Any CPU.Build.0 = Release|Any CPU
		{FC5FFD01-6DF2-4B7E-9F6B-DFC03F0A1E8F}.Release|ARM.ActiveCfg = Release|Any CPU
		{FC5FFD01-6DF2-4B7E-9F6B-DFC03F0A1E8F}.Release|ARM.Build.0 = Release|Any CPU
		{FC5FFD01-6DF2-4B7E-9F6B-DFC03F0A1E8F}.Release|x64.ActiveCfg = Release|Any CPU
		{FC5FFD01-6DF2-4B7E-9F6B-DFC03F0A1E8F}.Release|x64.Build.0 = Release|Any CPU
		{FC5FFD01-6DF2-4B7E-9F6B-DFC03F0A1E8F}.Release|x86.ActiveCfg = Release|Any CPU
		{FC5FFD01-6DF2-4B7E-9F6B-DFC03F0A1E8F}.Release|x86.Build.0 = Release|Any CPU
		{FC5FFD01-6DF2-4B7E-9F6B-DFC03F0A1E8F}.ReleaseNET40_Only|Any CPU.ActiveCfg = Release|Any CPU
		{FC5FFD01-6DF2-4B7E-9F6B-DFC03F0A1E8F}.ReleaseNET40_Only|Any CPU.Build.0 = Release|Any CPU
		{FC5FFD01-6DF2-4B7E-9F6B-DFC03F0A1E8F}.ReleaseNET40_Only|ARM.ActiveCfg = Release|Any CPU
		{FC5FFD01-6DF2-4B7E-9F6B-DFC03F0A1E8F}.ReleaseNET40_Only|ARM.Build.0 = Release|Any CPU
		{FC5FFD01-6DF2-4B7E-9F6B-DFC03F0A1E8F}.ReleaseNET40_Only|x64.ActiveCfg = Release|Any CPU
		{FC5FFD01-6DF2-4B7E-9F6B-DFC03F0A1E8F}.ReleaseNET40_Only|x64.Build.0 = Release|Any CPU
		{FC5FFD01-6DF2-4B7E-9F6B-DFC03F0A1E8F}.ReleaseNET40_Only|x86.ActiveCfg = Release|Any CPU
		{FC5FFD01-6DF2-4B7E-9F6B-DFC03F0A1E8F}.ReleaseNET40_Only|x86.Build.0 = Release|Any CPU
		{33A251A7-0227-4D70-9237-EA8DE6E59A65}.Debug|Any CPU.ActiveCfg = Debug|Any CPU
		{33A251A7-0227-4D70-9237-EA8DE6E59A65}.Debug|Any CPU.Build.0 = Debug|Any CPU
		{33A251A7-0227-4D70-9237-EA8DE6E59A65}.Debug|ARM.ActiveCfg = Debug|Any CPU
		{33A251A7-0227-4D70-9237-EA8DE6E59A65}.Debug|ARM.Build.0 = Debug|Any CPU
		{33A251A7-0227-4D70-9237-EA8DE6E59A65}.Debug|x64.ActiveCfg = Debug|Any CPU
		{33A251A7-0227-4D70-9237-EA8DE6E59A65}.Debug|x64.Build.0 = Debug|Any CPU
		{33A251A7-0227-4D70-9237-EA8DE6E59A65}.Debug|x86.ActiveCfg = Debug|Any CPU
		{33A251A7-0227-4D70-9237-EA8DE6E59A65}.Debug|x86.Build.0 = Debug|Any CPU
		{33A251A7-0227-4D70-9237-EA8DE6E59A65}.Release|Any CPU.ActiveCfg = Release|Any CPU
		{33A251A7-0227-4D70-9237-EA8DE6E59A65}.Release|Any CPU.Build.0 = Release|Any CPU
		{33A251A7-0227-4D70-9237-EA8DE6E59A65}.Release|ARM.ActiveCfg = Release|Any CPU
		{33A251A7-0227-4D70-9237-EA8DE6E59A65}.Release|ARM.Build.0 = Release|Any CPU
		{33A251A7-0227-4D70-9237-EA8DE6E59A65}.Release|x64.ActiveCfg = Release|Any CPU
		{33A251A7-0227-4D70-9237-EA8DE6E59A65}.Release|x64.Build.0 = Release|Any CPU
		{33A251A7-0227-4D70-9237-EA8DE6E59A65}.Release|x86.ActiveCfg = Release|Any CPU
		{33A251A7-0227-4D70-9237-EA8DE6E59A65}.Release|x86.Build.0 = Release|Any CPU
		{33A251A7-0227-4D70-9237-EA8DE6E59A65}.ReleaseNET40_Only|Any CPU.ActiveCfg = Release|Any CPU
		{33A251A7-0227-4D70-9237-EA8DE6E59A65}.ReleaseNET40_Only|Any CPU.Build.0 = Release|Any CPU
		{33A251A7-0227-4D70-9237-EA8DE6E59A65}.ReleaseNET40_Only|ARM.ActiveCfg = Release|Any CPU
		{33A251A7-0227-4D70-9237-EA8DE6E59A65}.ReleaseNET40_Only|ARM.Build.0 = Release|Any CPU
		{33A251A7-0227-4D70-9237-EA8DE6E59A65}.ReleaseNET40_Only|x64.ActiveCfg = Release|Any CPU
		{33A251A7-0227-4D70-9237-EA8DE6E59A65}.ReleaseNET40_Only|x64.Build.0 = Release|Any CPU
		{33A251A7-0227-4D70-9237-EA8DE6E59A65}.ReleaseNET40_Only|x86.ActiveCfg = Release|Any CPU
		{33A251A7-0227-4D70-9237-EA8DE6E59A65}.ReleaseNET40_Only|x86.Build.0 = Release|Any CPU
		{E2EE7A1B-B517-466B-A978-898CE82242CD}.Debug|Any CPU.ActiveCfg = Debug|Any CPU
		{E2EE7A1B-B517-466B-A978-898CE82242CD}.Debug|Any CPU.Build.0 = Debug|Any CPU
		{E2EE7A1B-B517-466B-A978-898CE82242CD}.Debug|ARM.ActiveCfg = Debug|Any CPU
		{E2EE7A1B-B517-466B-A978-898CE82242CD}.Debug|ARM.Build.0 = Debug|Any CPU
		{E2EE7A1B-B517-466B-A978-898CE82242CD}.Debug|x64.ActiveCfg = Debug|Any CPU
		{E2EE7A1B-B517-466B-A978-898CE82242CD}.Debug|x64.Build.0 = Debug|Any CPU
		{E2EE7A1B-B517-466B-A978-898CE82242CD}.Debug|x86.ActiveCfg = Debug|Any CPU
		{E2EE7A1B-B517-466B-A978-898CE82242CD}.Debug|x86.Build.0 = Debug|Any CPU
		{E2EE7A1B-B517-466B-A978-898CE82242CD}.Release|Any CPU.ActiveCfg = Release|Any CPU
		{E2EE7A1B-B517-466B-A978-898CE82242CD}.Release|Any CPU.Build.0 = Release|Any CPU
		{E2EE7A1B-B517-466B-A978-898CE82242CD}.Release|ARM.ActiveCfg = Release|Any CPU
		{E2EE7A1B-B517-466B-A978-898CE82242CD}.Release|ARM.Build.0 = Release|Any CPU
		{E2EE7A1B-B517-466B-A978-898CE82242CD}.Release|x64.ActiveCfg = Release|Any CPU
		{E2EE7A1B-B517-466B-A978-898CE82242CD}.Release|x64.Build.0 = Release|Any CPU
		{E2EE7A1B-B517-466B-A978-898CE82242CD}.Release|x86.ActiveCfg = Release|Any CPU
		{E2EE7A1B-B517-466B-A978-898CE82242CD}.Release|x86.Build.0 = Release|Any CPU
		{E2EE7A1B-B517-466B-A978-898CE82242CD}.ReleaseNET40_Only|Any CPU.ActiveCfg = Release|Any CPU
		{E2EE7A1B-B517-466B-A978-898CE82242CD}.ReleaseNET40_Only|Any CPU.Build.0 = Release|Any CPU
		{E2EE7A1B-B517-466B-A978-898CE82242CD}.ReleaseNET40_Only|ARM.ActiveCfg = Release|Any CPU
		{E2EE7A1B-B517-466B-A978-898CE82242CD}.ReleaseNET40_Only|ARM.Build.0 = Release|Any CPU
		{E2EE7A1B-B517-466B-A978-898CE82242CD}.ReleaseNET40_Only|x64.ActiveCfg = Release|Any CPU
		{E2EE7A1B-B517-466B-A978-898CE82242CD}.ReleaseNET40_Only|x64.Build.0 = Release|Any CPU
		{E2EE7A1B-B517-466B-A978-898CE82242CD}.ReleaseNET40_Only|x86.ActiveCfg = Release|Any CPU
		{E2EE7A1B-B517-466B-A978-898CE82242CD}.ReleaseNET40_Only|x86.Build.0 = Release|Any CPU
		{4493DD9D-BCC3-4DD1-92F5-E4963C06528E}.Debug|Any CPU.ActiveCfg = Debug|Any CPU
		{4493DD9D-BCC3-4DD1-92F5-E4963C06528E}.Debug|Any CPU.Build.0 = Debug|Any CPU
		{4493DD9D-BCC3-4DD1-92F5-E4963C06528E}.Debug|ARM.ActiveCfg = Debug|Any CPU
		{4493DD9D-BCC3-4DD1-92F5-E4963C06528E}.Debug|ARM.Build.0 = Debug|Any CPU
		{4493DD9D-BCC3-4DD1-92F5-E4963C06528E}.Debug|x64.ActiveCfg = Debug|Any CPU
		{4493DD9D-BCC3-4DD1-92F5-E4963C06528E}.Debug|x64.Build.0 = Debug|Any CPU
		{4493DD9D-BCC3-4DD1-92F5-E4963C06528E}.Debug|x86.ActiveCfg = Debug|Any CPU
		{4493DD9D-BCC3-4DD1-92F5-E4963C06528E}.Debug|x86.Build.0 = Debug|Any CPU
		{4493DD9D-BCC3-4DD1-92F5-E4963C06528E}.Release|Any CPU.ActiveCfg = Release|Any CPU
		{4493DD9D-BCC3-4DD1-92F5-E4963C06528E}.Release|Any CPU.Build.0 = Release|Any CPU
		{4493DD9D-BCC3-4DD1-92F5-E4963C06528E}.Release|ARM.ActiveCfg = Release|Any CPU
		{4493DD9D-BCC3-4DD1-92F5-E4963C06528E}.Release|ARM.Build.0 = Release|Any CPU
		{4493DD9D-BCC3-4DD1-92F5-E4963C06528E}.Release|x64.ActiveCfg = Release|Any CPU
		{4493DD9D-BCC3-4DD1-92F5-E4963C06528E}.Release|x64.Build.0 = Release|Any CPU
		{4493DD9D-BCC3-4DD1-92F5-E4963C06528E}.Release|x86.ActiveCfg = Release|Any CPU
		{4493DD9D-BCC3-4DD1-92F5-E4963C06528E}.Release|x86.Build.0 = Release|Any CPU
		{4493DD9D-BCC3-4DD1-92F5-E4963C06528E}.ReleaseNET40_Only|Any CPU.ActiveCfg = Release|Any CPU
		{4493DD9D-BCC3-4DD1-92F5-E4963C06528E}.ReleaseNET40_Only|Any CPU.Build.0 = Release|Any CPU
		{4493DD9D-BCC3-4DD1-92F5-E4963C06528E}.ReleaseNET40_Only|ARM.ActiveCfg = Release|Any CPU
		{4493DD9D-BCC3-4DD1-92F5-E4963C06528E}.ReleaseNET40_Only|ARM.Build.0 = Release|Any CPU
		{4493DD9D-BCC3-4DD1-92F5-E4963C06528E}.ReleaseNET40_Only|x64.ActiveCfg = Release|Any CPU
		{4493DD9D-BCC3-4DD1-92F5-E4963C06528E}.ReleaseNET40_Only|x64.Build.0 = Release|Any CPU
		{4493DD9D-BCC3-4DD1-92F5-E4963C06528E}.ReleaseNET40_Only|x86.ActiveCfg = Release|Any CPU
		{4493DD9D-BCC3-4DD1-92F5-E4963C06528E}.ReleaseNET40_Only|x86.Build.0 = Release|Any CPU
	EndGlobalSection
	GlobalSection(SolutionProperties) = preSolution
		HideSolutionNode = FALSE
	EndGlobalSection
EndGlobal
