
Microsoft Visual Studio Solution File, Format Version 12.00
# Visual Studio 15
VisualStudioVersion = 15.0.26730.8
MinimumVisualStudioVersion = 10.0.40219.1
Project("{9A19103F-16F7-4668-BE54-9A1E7A4F7556}") = "TeddyNetCore_EngineFrame", "TeddyNetCore_EngineFrame\TeddyNetCore_EngineFrame.csproj", "{E7FB9C63-7BBF-46F5-B0C0-93C13E6DFFB0}"
	ProjectSection(ProjectDependencies) = postProject
		{603B744C-7C07-4A0B-9458-500D329E2A10} = {603B744C-7C07-4A0B-9458-500D329E2A10}
	EndProjectSection
EndProject
Project("{9A19103F-16F7-4668-BE54-9A1E7A4F7556}") = "TeddyNetCore_ServerCenter", "TeddyNetCore_ServerCenter\TeddyNetCore_ServerCenter.csproj", "{603B744C-7C07-4A0B-9458-500D329E2A10}"
EndProject
Project("{9A19103F-16F7-4668-BE54-9A1E7A4F7556}") = "TeddyNetCore_EngineData", "..\..\Teddy_Work_Engine\TeddyNetCoreProject\TeddyNetCore_EngineData\TeddyNetCore_EngineData.csproj", "{FC5FFD01-6DF2-4B7E-9F6B-DFC03F0A1E8F}"
EndProject
Project("{9A19103F-16F7-4668-BE54-9A1E7A4F7556}") = "TeddyNetCore_EngineEnum", "..\..\Teddy_Work_Engine\TeddyNetCoreProject\TeddyNetCore_EngineEnum\TeddyNetCore_EngineEnum.csproj", "{33A251A7-0227-4D70-9237-EA8DE6E59A65}"
EndProject
Project("{9A19103F-16F7-4668-BE54-9A1E7A4F7556}") = "TeddyNetCore_Engine", "..\..\Teddy_Work_Engine\TeddyNetCoreProject\TeddyNetCore_Engine\TeddyNetCore_Engine.csproj", "{3EA912FF-A2E0-4132-B593-50F9E909F4D4}"
EndProject
Project("{9A19103F-16F7-4668-BE54-9A1E7A4F7556}") = "TeddyNetCore_EngineCore", "..\..\Teddy_Work_Engine\TeddyNetCoreProject\TeddyNetCore_EngineCore\TeddyNetCore_EngineCore.csproj", "{74CCB323-0C20-40A6-9284-28A81665E4FF}"
EndProject
Global
	GlobalSection(SolutionConfigurationPlatforms) = preSolution
		Debug|Any CPU = Debug|Any CPU
		Debug|ARM = Debug|ARM
		Debug|x64 = Debug|x64
		Debug|x86 = Debug|x86
		Release|Any CPU = Release|Any CPU
		Release|ARM = Release|ARM
		Release|x64 = Release|x64
		Release|x86 = Release|x86
		ReleaseNET40_Only|Any CPU = ReleaseNET40_Only|Any CPU
		ReleaseNET40_Only|ARM = ReleaseNET40_Only|ARM
		ReleaseNET40_Only|x64 = ReleaseNET40_Only|x64
		ReleaseNET40_Only|x86 = ReleaseNET40_Only|x86
	EndGlobalSection
	GlobalSection(ProjectConfigurationPlatforms) = postSolution
		{E7FB9C63-7BBF-46F5-B0C0-93C13E6DFFB0}.Debug|Any CPU.ActiveCfg = Debug|Any CPU
		{E7FB9C63-7BBF-46F5-B0C0-93C13E6DFFB0}.Debug|Any CPU.Build.0 = Debug|Any CPU
		{E7FB9C63-7BBF-46F5-B0C0-93C13E6DFFB0}.Debug|ARM.ActiveCfg = Debug|Any CPU
		{E7FB9C63-7BBF-46F5-B0C0-93C13E6DFFB0}.Debug|ARM.Build.0 = Debug|Any CPU
		{E7FB9C63-7BBF-46F5-B0C0-93C13E6DFFB0}.Debug|x64.ActiveCfg = Debug|Any CPU
		{E7FB9C63-7BBF-46F5-B0C0-93C13E6DFFB0}.Debug|x64.Build.0 = Debug|Any CPU
		{E7FB9C63-7BBF-46F5-B0C0-93C13E6DFFB0}.Debug|x86.ActiveCfg = Debug|Any CPU
		{E7FB9C63-7BBF-46F5-B0C0-93C13E6DFFB0}.Debug|x86.Build.0 = Debug|Any CPU
		{E7FB9C63-7BBF-46F5-B0C0-93C13E6DFFB0}.Release|Any CPU.ActiveCfg = Release|Any CPU
		{E7FB9C63-7BBF-46F5-B0C0-93C13E6DFFB0}.Release|Any CPU.Build.0 = Release|Any CPU
		{E7FB9C63-7BBF-46F5-B0C0-93C13E6DFFB0}.Release|ARM.ActiveCfg = Release|Any CPU
		{E7FB9C63-7BBF-46F5-B0C0-93C13E6DFFB0}.Release|ARM.Build.0 = Release|Any CPU
		{E7FB9C63-7BBF-46F5-B0C0-93C13E6DFFB0}.Release|x64.ActiveCfg = Release|Any CPU
		{E7FB9C63-7BBF-46F5-B0C0-93C13E6DFFB0}.Release|x64.Build.0 = Release|Any CPU
		{E7FB9C63-7BBF-46F5-B0C0-93C13E6DFFB0}.Release|x86.ActiveCfg = Release|Any CPU
		{E7FB9C63-7BBF-46F5-B0C0-93C13E6DFFB0}.Release|x86.Build.0 = Release|Any CPU
		{E7FB9C63-7BBF-46F5-B0C0-93C13E6DFFB0}.ReleaseNET40_Only|Any CPU.ActiveCfg = Release|Any CPU
		{E7FB9C63-7BBF-46F5-B0C0-93C13E6DFFB0}.ReleaseNET40_Only|Any CPU.Build.0 = Release|Any CPU
		{E7FB9C63-7BBF-46F5-B0C0-93C13E6DFFB0}.ReleaseNET40_Only|ARM.ActiveCfg = Release|Any CPU
		{E7FB9C63-7BBF-46F5-B0C0-93C13E6DFFB0}.ReleaseNET40_Only|ARM.Build.0 = Release|Any CPU
		{E7FB9C63-7BBF-46F5-B0C0-93C13E6DFFB0}.ReleaseNET40_Only|x64.ActiveCfg = Release|Any CPU
		{E7FB9C63-7BBF-46F5-B0C0-93C13E6DFFB0}.ReleaseNET40_Only|x64.Build.0 = Release|Any CPU
		{E7FB9C63-7BBF-46F5-B0C0-93C13E6DFFB0}.ReleaseNET40_Only|x86.ActiveCfg = Release|Any CPU
		{E7FB9C63-7BBF-46F5-B0C0-93C13E6DFFB0}.ReleaseNET40_Only|x86.Build.0 = Release|Any CPU
		{603B744C-7C07-4A0B-9458-500D329E2A10}.Debug|Any CPU.ActiveCfg = Debug|Any CPU
		{603B744C-7C07-4A0B-9458-500D329E2A10}.Debug|Any CPU.Build.0 = Debug|Any CPU
		{603B744C-7C07-4A0B-9458-500D329E2A10}.Debug|ARM.ActiveCfg = Debug|Any CPU
		{603B744C-7C07-4A0B-9458-500D329E2A10}.Debug|ARM.Build.0 = Debug|Any CPU
		{603B744C-7C07-4A0B-9458-500D329E2A10}.Debug|x64.ActiveCfg = Debug|Any CPU
		{603B744C-7C07-4A0B-9458-500D329E2A10}.Debug|x64.Build.0 = Debug|Any CPU
		{603B744C-7C07-4A0B-9458-500D329E2A10}.Debug|x86.ActiveCfg = Debug|Any CPU
		{603B744C-7C07-4A0B-9458-500D329E2A10}.Debug|x86.Build.0 = Debug|Any CPU
		{603B744C-7C07-4A0B-9458-500D329E2A10}.Release|Any CPU.ActiveCfg = Release|Any CPU
		{603B744C-7C07-4A0B-9458-500D329E2A10}.Release|Any CPU.Build.0 = Release|Any CPU
		{603B744C-7C07-4A0B-9458-500D329E2A10}.Release|ARM.ActiveCfg = Release|Any CPU
		{603B744C-7C07-4A0B-9458-500D329E2A10}.Release|ARM.Build.0 = Release|Any CPU
		{603B744C-7C07-4A0B-9458-500D329E2A10}.Release|x64.ActiveCfg = Release|Any CPU
		{603B744C-7C07-4A0B-9458-500D329E2A10}.Release|x64.Build.0 = Release|Any CPU
		{603B744C-7C07-4A0B-9458-500D329E2A10}.Release|x86.ActiveCfg = Release|Any CPU
		{603B744C-7C07-4A0B-9458-500D329E2A10}.Release|x86.Build.0 = Release|Any CPU
		{603B744C-7C07-4A0B-9458-500D329E2A10}.ReleaseNET40_Only|Any CPU.ActiveCfg = Release|Any CPU
		{603B744C-7C07-4A0B-9458-500D329E2A10}.ReleaseNET40_Only|Any CPU.Build.0 = Release|Any CPU
		{603B744C-7C07-4A0B-9458-500D329E2A10}.ReleaseNET40_Only|ARM.ActiveCfg = Release|Any CPU
		{603B744C-7C07-4A0B-9458-500D329E2A10}.ReleaseNET40_Only|ARM.Build.0 = Release|Any CPU
		{603B744C-7C07-4A0B-9458-500D329E2A10}.ReleaseNET40_Only|x64.ActiveCfg = Release|Any CPU
		{603B744C-7C07-4A0B-9458-500D329E2A10}.ReleaseNET40_Only|x64.Build.0 = Release|Any CPU
		{603B744C-7C07-4A0B-9458-500D329E2A10}.ReleaseNET40_Only|x86.ActiveCfg = Release|Any CPU
		{603B744C-7C07-4A0B-9458-500D329E2A10}.ReleaseNET40_Only|x86.Build.0 = Release|Any CPU
		{FC5FFD01-6DF2-4B7E-9F6B-DFC03F0A1E8F}.Debug|Any CPU.ActiveCfg = Debug|Any CPU
		{FC5FFD01-6DF2-4B7E-9F6B-DFC03F0A1E8F}.Debug|Any CPU.Build.0 = Debug|Any CPU
		{FC5FFD01-6DF2-4B7E-9F6B-DFC03F0A1E8F}.Debug|ARM.ActiveCfg = Debug|Any CPU
		{FC5FFD01-6DF2-4B7E-9F6B-DFC03F0A1E8F}.Debug|ARM.Build.0 = Debug|Any CPU
		{FC5FFD01-6DF2-4B7E-9F6B-DFC03F0A1E8F}.Debug|x64.ActiveCfg = Debug|Any CPU
		{FC5FFD01-6DF2-4B7E-9F6B-DFC03F0A1E8F}.Debug|x64.Build.0 = Debug|Any CPU
		{FC5FFD01-6DF2-4B7E-9F6B-DFC03F0A1E8F}.Debug|x86.ActiveCfg = Debug|Any CPU
		{FC5FFD01-6DF2-4B7E-9F6B-DFC03F0A1E8F}.Debug|x86.Build.0 = Debug|Any CPU
		{FC5FFD01-6DF2-4B7E-9F6B-DFC03F0A1E8F}.Release|Any CPU.ActiveCfg = Release|Any CPU
		{FC5FFD01-6DF2-4B7E-9F6B-DFC03F0A1E8F}.Release|Any CPU.Build.0 = Release|Any CPU
		{FC5FFD01-6DF2-4B7E-9F6B-DFC03F0A1E8F}.Release|ARM.ActiveCfg = Release|Any CPU
		{FC5FFD01-6DF2-4B7E-9F6B-DFC03F0A1E8F}.Release|ARM.Build.0 = Release|Any CPU
		{FC5FFD01-6DF2-4B7E-9F6B-DFC03F0A1E8F}.Release|x64.ActiveCfg = Release|Any CPU
		{FC5FFD01-6DF2-4B7E-9F6B-DFC03F0A1E8F}.Release|x64.Build.0 = Release|Any CPU
		{FC5FFD01-6DF2-4B7E-9F6B-DFC03F0A1E8F}.Release|x86.ActiveCfg = Release|Any CPU
		{FC5FFD01-6DF2-4B7E-9F6B-DFC03F0A1E8F}.Release|x86.Build.0 = Release|Any CPU
		{FC5FFD01-6DF2-4B7E-9F6B-DFC03F0A1E8F}.ReleaseNET40_Only|Any CPU.ActiveCfg = Release|Any CPU
		{FC5FFD01-6DF2-4B7E-9F6B-DFC03F0A1E8F}.ReleaseNET40_Only|Any CPU.Build.0 = Release|Any CPU
		{FC5FFD01-6DF2-4B7E-9F6B-DFC03F0A1E8F}.ReleaseNET40_Only|ARM.ActiveCfg = Release|Any CPU
		{FC5FFD01-6DF2-4B7E-9F6B-DFC03F0A1E8F}.ReleaseNET40_Only|ARM.Build.0 = Release|Any CPU
		{FC5FFD01-6DF2-4B7E-9F6B-DFC03F0A1E8F}.ReleaseNET40_Only|x64.ActiveCfg = Release|Any CPU
		{FC5FFD01-6DF2-4B7E-9F6B-DFC03F0A1E8F}.ReleaseNET40_Only|x64.Build.0 = Release|Any CPU
		{FC5FFD01-6DF2-4B7E-9F6B-DFC03F0A1E8F}.ReleaseNET40_Only|x86.ActiveCfg = Release|Any CPU
		{FC5FFD01-6DF2-4B7E-9F6B-DFC03F0A1E8F}.ReleaseNET40_Only|x86.Build.0 = Release|Any CPU
		{33A251A7-0227-4D70-9237-EA8DE6E59A65}.Debug|Any CPU.ActiveCfg = Debug|Any CPU
		{33A251A7-0227-4D70-9237-EA8DE6E59A65}.Debug|Any CPU.Build.0 = Debug|Any CPU
		{33A251A7-0227-4D70-9237-EA8DE6E59A65}.Debug|ARM.ActiveCfg = Debug|Any CPU
		{33A251A7-0227-4D70-9237-EA8DE6E59A65}.Debug|ARM.Build.0 = Debug|Any CPU
		{33A251A7-0227-4D70-9237-EA8DE6E59A65}.Debug|x64.ActiveCfg = Debug|Any CPU
		{33A251A7-0227-4D70-9237-EA8DE6E59A65}.Debug|x64.Build.0 = Debug|Any CPU
		{33A251A7-0227-4D70-9237-EA8DE6E59A65}.Debug|x86.ActiveCfg = Debug|Any CPU
		{33A251A7-0227-4D70-9237-EA8DE6E59A65}.Debug|x86.Build.0 = Debug|Any CPU
		{33A251A7-0227-4D70-9237-EA8DE6E59A65}.Release|Any CPU.ActiveCfg = Release|Any CPU
		{33A251A7-0227-4D70-9237-EA8DE6E59A65}.Release|Any CPU.Build.0 = Release|Any CPU
		{33A251A7-0227-4D70-9237-EA8DE6E59A65}.Release|ARM.ActiveCfg = Release|Any CPU
		{33A251A7-0227-4D70-9237-EA8DE6E59A65}.Release|ARM.Build.0 = Release|Any CPU
		{33A251A7-0227-4D70-9237-EA8DE6E59A65}.Release|x64.ActiveCfg = Release|Any CPU
		{33A251A7-0227-4D70-9237-EA8DE6E59A65}.Release|x64.Build.0 = Release|Any CPU
		{33A251A7-0227-4D70-9237-EA8DE6E59A65}.Release|x86.ActiveCfg = Release|Any CPU
		{33A251A7-0227-4D70-9237-EA8DE6E59A65}.Release|x86.Build.0 = Release|Any CPU
		{33A251A7-0227-4D70-9237-EA8DE6E59A65}.ReleaseNET40_Only|Any CPU.ActiveCfg = Release|Any CPU
		{33A251A7-0227-4D70-9237-EA8DE6E59A65}.ReleaseNET40_Only|Any CPU.Build.0 = Release|Any CPU
		{33A251A7-0227-4D70-9237-EA8DE6E59A65}.ReleaseNET40_Only|ARM.ActiveCfg = Release|Any CPU
		{33A251A7-0227-4D70-9237-EA8DE6E59A65}.ReleaseNET40_Only|ARM.Build.0 = Release|Any CPU
		{33A251A7-0227-4D70-9237-EA8DE6E59A65}.ReleaseNET40_Only|x64.ActiveCfg = Release|Any CPU
		{33A251A7-0227-4D70-9237-EA8DE6E59A65}.ReleaseNET40_Only|x64.Build.0 = Release|Any CPU
		{33A251A7-0227-4D70-9237-EA8DE6E59A65}.ReleaseNET40_Only|x86.ActiveCfg = Release|Any CPU
		{33A251A7-0227-4D70-9237-EA8DE6E59A65}.ReleaseNET40_Only|x86.Build.0 = Release|Any CPU
		{3EA912FF-A2E0-4132-B593-50F9E909F4D4}.Debug|Any CPU.ActiveCfg = Debug|Any CPU
		{3EA912FF-A2E0-4132-B593-50F9E909F4D4}.Debug|Any CPU.Build.0 = Debug|Any CPU
		{3EA912FF-A2E0-4132-B593-50F9E909F4D4}.Debug|ARM.ActiveCfg = Debug|Any CPU
		{3EA912FF-A2E0-4132-B593-50F9E909F4D4}.Debug|ARM.Build.0 = Debug|Any CPU
		{3EA912FF-A2E0-4132-B593-50F9E909F4D4}.Debug|x64.ActiveCfg = Debug|Any CPU
		{3EA912FF-A2E0-4132-B593-50F9E909F4D4}.Debug|x64.Build.0 = Debug|Any CPU
		{3EA912FF-A2E0-4132-B593-50F9E909F4D4}.Debug|x86.ActiveCfg = Debug|Any CPU
		{3EA912FF-A2E0-4132-B593-50F9E909F4D4}.Debug|x86.Build.0 = Debug|Any CPU
		{3EA912FF-A2E0-4132-B593-50F9E909F4D4}.Release|Any CPU.ActiveCfg = Release|Any CPU
		{3EA912FF-A2E0-4132-B593-50F9E909F4D4}.Release|Any CPU.Build.0 = Release|Any CPU
		{3EA912FF-A2E0-4132-B593-50F9E909F4D4}.Release|ARM.ActiveCfg = Release|Any CPU
		{3EA912FF-A2E0-4132-B593-50F9E909F4D4}.Release|ARM.Build.0 = Release|Any CPU
		{3EA912FF-A2E0-4132-B593-50F9E909F4D4}.Release|x64.ActiveCfg = Release|Any CPU
		{3EA912FF-A2E0-4132-B593-50F9E909F4D4}.Release|x64.Build.0 = Release|Any CPU
		{3EA912FF-A2E0-4132-B593-50F9E909F4D4}.Release|x86.ActiveCfg = Release|Any CPU
		{3EA912FF-A2E0-4132-B593-50F9E909F4D4}.Release|x86.Build.0 = Release|Any CPU
		{3EA912FF-A2E0-4132-B593-50F9E909F4D4}.ReleaseNET40_Only|Any CPU.ActiveCfg = Release|Any CPU
		{3EA912FF-A2E0-4132-B593-50F9E909F4D4}.ReleaseNET40_Only|Any CPU.Build.0 = Release|Any CPU
		{3EA912FF-A2E0-4132-B593-50F9E909F4D4}.ReleaseNET40_Only|ARM.ActiveCfg = Release|Any CPU
		{3EA912FF-A2E0-4132-B593-50F9E909F4D4}.ReleaseNET40_Only|ARM.Build.0 = Release|Any CPU
		{3EA912FF-A2E0-4132-B593-50F9E909F4D4}.ReleaseNET40_Only|x64.ActiveCfg = Release|Any CPU
		{3EA912FF-A2E0-4132-B593-50F9E909F4D4}.ReleaseNET40_Only|x64.Build.0 = Release|Any CPU
		{3EA912FF-A2E0-4132-B593-50F9E909F4D4}.ReleaseNET40_Only|x86.ActiveCfg = Release|Any CPU
		{3EA912FF-A2E0-4132-B593-50F9E909F4D4}.ReleaseNET40_Only|x86.Build.0 = Release|Any CPU
		{74CCB323-0C20-40A6-9284-28A81665E4FF}.Debug|Any CPU.ActiveCfg = Debug|Any CPU
		{74CCB323-0C20-40A6-9284-28A81665E4FF}.Debug|Any CPU.Build.0 = Debug|Any CPU
		{74CCB323-0C20-40A6-9284-28A81665E4FF}.Debug|ARM.ActiveCfg = Debug|Any CPU
		{74CCB323-0C20-40A6-9284-28A81665E4FF}.Debug|ARM.Build.0 = Debug|Any CPU
		{74CCB323-0C20-40A6-9284-28A81665E4FF}.Debug|x64.ActiveCfg = Debug|Any CPU
		{74CCB323-0C20-40A6-9284-28A81665E4FF}.Debug|x64.Build.0 = Debug|Any CPU
		{74CCB323-0C20-40A6-9284-28A81665E4FF}.Debug|x86.ActiveCfg = Debug|Any CPU
		{74CCB323-0C20-40A6-9284-28A81665E4FF}.Debug|x86.Build.0 = Debug|Any CPU
		{74CCB323-0C20-40A6-9284-28A81665E4FF}.Release|Any CPU.ActiveCfg = Release|Any CPU
		{74CCB323-0C20-40A6-9284-28A81665E4FF}.Release|Any CPU.Build.0 = Release|Any CPU
		{74CCB323-0C20-40A6-9284-28A81665E4FF}.Release|ARM.ActiveCfg = Release|Any CPU
		{74CCB323-0C20-40A6-9284-28A81665E4FF}.Release|ARM.Build.0 = Release|Any CPU
		{74CCB323-0C20-40A6-9284-28A81665E4FF}.Release|x64.ActiveCfg = Release|Any CPU
		{74CCB323-0C20-40A6-9284-28A81665E4FF}.Release|x64.Build.0 = Release|Any CPU
		{74CCB323-0C20-40A6-9284-28A81665E4FF}.Release|x86.ActiveCfg = Release|Any CPU
		{74CCB323-0C20-40A6-9284-28A81665E4FF}.Release|x86.Build.0 = Release|Any CPU
		{74CCB323-0C20-40A6-9284-28A81665E4FF}.ReleaseNET40_Only|Any CPU.ActiveCfg = Release|Any CPU
		{74CCB323-0C20-40A6-9284-28A81665E4FF}.ReleaseNET40_Only|Any CPU.Build.0 = Release|Any CPU
		{74CCB323-0C20-40A6-9284-28A81665E4FF}.ReleaseNET40_Only|ARM.ActiveCfg = Release|Any CPU
		{74CCB323-0C20-40A6-9284-28A81665E4FF}.ReleaseNET40_Only|ARM.Build.0 = Release|Any CPU
		{74CCB323-0C20-40A6-9284-28A81665E4FF}.ReleaseNET40_Only|x64.ActiveCfg = Release|Any CPU
		{74CCB323-0C20-40A6-9284-28A81665E4FF}.ReleaseNET40_Only|x64.Build.0 = Release|Any CPU
		{74CCB323-0C20-40A6-9284-28A81665E4FF}.ReleaseNET40_Only|x86.ActiveCfg = Release|Any CPU
		{74CCB323-0C20-40A6-9284-28A81665E4FF}.ReleaseNET40_Only|x86.Build.0 = Release|Any CPU
	EndGlobalSection
	GlobalSection(SolutionProperties) = preSolution
		HideSolutionNode = FALSE
	EndGlobalSection
	GlobalSection(ExtensibilityGlobals) = postSolution
		SolutionGuid = {3DCD0933-2570-49D7-AB85-953BDE856B9B}
	EndGlobalSection
EndGlobal
